// !$*UTF8*$!
{
	archiveVersion = 1;
	classes = {
	};
	objectVersion = 46;
	objects = {

/* Begin PBXBuildFile section */
		90DF8C5519D126D400CA6AB2 /* AppDelegate.swift in Sources */ = {isa = PBXBuildFile; fileRef = 90DF8C5419D126D400CA6AB2 /* AppDelegate.swift */; };
		90DF8C5A19D126D400CA6AB2 /* Main.storyboard in Resources */ = {isa = PBXBuildFile; fileRef = 90DF8C5819D126D400CA6AB2 /* Main.storyboard */; };
		90DF8C5C19D126D400CA6AB2 /* Images.xcassets in Resources */ = {isa = PBXBuildFile; fileRef = 90DF8C5B19D126D400CA6AB2 /* Images.xcassets */; };
		90DF8C6819D126D400CA6AB2 /* yelpappTests.swift in Sources */ = {isa = PBXBuildFile; fileRef = 90DF8C6719D126D400CA6AB2 /* yelpappTests.swift */; };
		90DF8C7219D1289B00CA6AB2 /* ResultsViewController.swift in Sources */ = {isa = PBXBuildFile; fileRef = 90DF8C7119D1289B00CA6AB2 /* ResultsViewController.swift */; };
		90DF8C7419D12FF600CA6AB2 /* FilterViewController.swift in Sources */ = {isa = PBXBuildFile; fileRef = 90DF8C7319D12FF600CA6AB2 /* FilterViewController.swift */; };
		90DF8C7A19D14A2100CA6AB2 /* ResultCell.swift in Sources */ = {isa = PBXBuildFile; fileRef = 90DF8C7919D14A2100CA6AB2 /* ResultCell.swift */; };
		90DF8C7F19D14C3100CA6AB2 /* YelpClient.m in Sources */ = {isa = PBXBuildFile; fileRef = 90DF8C7E19D14C3100CA6AB2 /* YelpClient.m */; };
		9579F3B32ED149D9A0045CE0 /* libPods.a in Frameworks */ = {isa = PBXBuildFile; fileRef = 35B56964717A46359BD28B68 /* libPods.a */; };
/* End PBXBuildFile section */

/* Begin PBXContainerItemProxy section */
		90DF8C6219D126D400CA6AB2 /* PBXContainerItemProxy */ = {
			isa = PBXContainerItemProxy;
			containerPortal = 90DF8C4719D126D400CA6AB2 /* Project object */;
			proxyType = 1;
			remoteGlobalIDString = 90DF8C4E19D126D400CA6AB2;
			remoteInfo = yelpapp;
		};
/* End PBXContainerItemProxy section */

/* Begin PBXFileReference section */
		35B56964717A46359BD28B68 /* libPods.a */ = {isa = PBXFileReference; explicitFileType = archive.ar; includeInIndex = 0; path = libPods.a; sourceTree = BUILT_PRODUCTS_DIR; };
		6D0C5D33999E4E03A07B80E8 /* Pods.xcconfig */ = {isa = PBXFileReference; includeInIndex = 1; lastKnownFileType = text.xcconfig; name = Pods.xcconfig; path = Pods/Pods.xcconfig; sourceTree = "<group>"; };
		90DF8C4F19D126D400CA6AB2 /* yelpapp.app */ = {isa = PBXFileReference; explicitFileType = wrapper.application; includeInIndex = 0; path = yelpapp.app; sourceTree = BUILT_PRODUCTS_DIR; };
		90DF8C5319D126D400CA6AB2 /* Info.plist */ = {isa = PBXFileReference; lastKnownFileType = text.plist.xml; path = Info.plist; sourceTree = "<group>"; };
		90DF8C5419D126D400CA6AB2 /* AppDelegate.swift */ = {isa = PBXFileReference; lastKnownFileType = sourcecode.swift; path = AppDelegate.swift; sourceTree = "<group>"; };
		90DF8C5919D126D400CA6AB2 /* Base */ = {isa = PBXFileReference; lastKnownFileType = file.storyboard; name = Base; path = Base.lproj/Main.storyboard; sourceTree = "<group>"; };
		90DF8C5B19D126D400CA6AB2 /* Images.xcassets */ = {isa = PBXFileReference; lastKnownFileType = folder.assetcatalog; path = Images.xcassets; sourceTree = "<group>"; };
		90DF8C6119D126D400CA6AB2 /* yelpappTests.xctest */ = {isa = PBXFileReference; explicitFileType = wrapper.cfbundle; includeInIndex = 0; path = yelpappTests.xctest; sourceTree = BUILT_PRODUCTS_DIR; };
		90DF8C6619D126D400CA6AB2 /* Info.plist */ = {isa = PBXFileReference; lastKnownFileType = text.plist.xml; path = Info.plist; sourceTree = "<group>"; };
		90DF8C6719D126D400CA6AB2 /* yelpappTests.swift */ = {isa = PBXFileReference; lastKnownFileType = sourcecode.swift; path = yelpappTests.swift; sourceTree = "<group>"; };
		90DF8C7119D1289B00CA6AB2 /* ResultsViewController.swift */ = {isa = PBXFileReference; fileEncoding = 4; lastKnownFileType = sourcecode.swift; path = ResultsViewController.swift; sourceTree = "<group>"; };
		90DF8C7319D12FF600CA6AB2 /* FilterViewController.swift */ = {isa = PBXFileReference; fileEncoding = 4; lastKnownFileType = sourcecode.swift; path = FilterViewController.swift; sourceTree = "<group>"; };
		90DF8C7519D147C200CA6AB2 /* yelpapp-Bridging-Header.h */ = {isa = PBXFileReference; lastKnownFileType = sourcecode.c.h; path = "yelpapp-Bridging-Header.h"; sourceTree = "<group>"; };
		90DF8C7919D14A2100CA6AB2 /* ResultCell.swift */ = {isa = PBXFileReference; fileEncoding = 4; lastKnownFileType = sourcecode.swift; path = ResultCell.swift; sourceTree = "<group>"; };
		90DF8C7D19D14C3100CA6AB2 /* YelpClient.h */ = {isa = PBXFileReference; fileEncoding = 4; lastKnownFileType = sourcecode.c.h; path = YelpClient.h; sourceTree = "<group>"; };
		90DF8C7E19D14C3100CA6AB2 /* YelpClient.m */ = {isa = PBXFileReference; fileEncoding = 4; lastKnownFileType = sourcecode.c.objc; path = YelpClient.m; sourceTree = "<group>"; };
/* End PBXFileReference section */

/* Begin PBXFrameworksBuildPhase section */
		90DF8C4C19D126D400CA6AB2 /* Frameworks */ = {
			isa = PBXFrameworksBuildPhase;
			buildActionMask = 2147483647;
			files = (
				9579F3B32ED149D9A0045CE0 /* libPods.a in Frameworks */,
			);
			runOnlyForDeploymentPostprocessing = 0;
		};
		90DF8C5E19D126D400CA6AB2 /* Frameworks */ = {
			isa = PBXFrameworksBuildPhase;
			buildActionMask = 2147483647;
			files = (
			);
			runOnlyForDeploymentPostprocessing = 0;
		};
/* End PBXFrameworksBuildPhase section */

/* Begin PBXGroup section */
		90DF8C4619D126D400CA6AB2 = {
			isa = PBXGroup;
			children = (
				90DF8C5119D126D400CA6AB2 /* yelpapp */,
				90DF8C6419D126D400CA6AB2 /* yelpappTests */,
				90DF8C5019D126D400CA6AB2 /* Products */,
				6D0C5D33999E4E03A07B80E8 /* Pods.xcconfig */,
				AEB370C985D64391B89C8CC5 /* Frameworks */,
			);
			sourceTree = "<group>";
		};
		90DF8C5019D126D400CA6AB2 /* Products */ = {
			isa = PBXGroup;
			children = (
				90DF8C4F19D126D400CA6AB2 /* yelpapp.app */,
				90DF8C6119D126D400CA6AB2 /* yelpappTests.xctest */,
			);
			name = Products;
			sourceTree = "<group>";
		};
		90DF8C5119D126D400CA6AB2 /* yelpapp */ = {
			isa = PBXGroup;
			children = (
				90DF8C7D19D14C3100CA6AB2 /* YelpClient.h */,
				90DF8C7E19D14C3100CA6AB2 /* YelpClient.m */,
				90DF8C5419D126D400CA6AB2 /* AppDelegate.swift */,
				90DF8C5819D126D400CA6AB2 /* Main.storyboard */,
				90DF8C5B19D126D400CA6AB2 /* Images.xcassets */,
				90DF8C5219D126D400CA6AB2 /* Supporting Files */,
				90DF8C7119D1289B00CA6AB2 /* ResultsViewController.swift */,
				90DF8C7319D12FF600CA6AB2 /* FilterViewController.swift */,
				90DF8C7519D147C200CA6AB2 /* yelpapp-Bridging-Header.h */,
				90DF8C7919D14A2100CA6AB2 /* ResultCell.swift */,
			);
			path = yelpapp;
			sourceTree = "<group>";
		};
		90DF8C5219D126D400CA6AB2 /* Supporting Files */ = {
			isa = PBXGroup;
			children = (
				90DF8C5319D126D400CA6AB2 /* Info.plist */,
			);
			name = "Supporting Files";
			sourceTree = "<group>";
		};
		90DF8C6419D126D400CA6AB2 /* yelpappTests */ = {
			isa = PBXGroup;
			children = (
				90DF8C6719D126D400CA6AB2 /* yelpappTests.swift */,
				90DF8C6519D126D400CA6AB2 /* Supporting Files */,
			);
			path = yelpappTests;
			sourceTree = "<group>";
		};
		90DF8C6519D126D400CA6AB2 /* Supporting Files */ = {
			isa = PBXGroup;
			children = (
				90DF8C6619D126D400CA6AB2 /* Info.plist */,
			);
			name = "Supporting Files";
			sourceTree = "<group>";
		};
		AEB370C985D64391B89C8CC5 /* Frameworks */ = {
			isa = PBXGroup;
			children = (
				35B56964717A46359BD28B68 /* libPods.a */,
			);
			name = Frameworks;
			sourceTree = "<group>";
		};
/* End PBXGroup section */

/* Begin PBXNativeTarget section */
		90DF8C4E19D126D400CA6AB2 /* yelpapp */ = {
			isa = PBXNativeTarget;
			buildConfigurationList = 90DF8C6B19D126D400CA6AB2 /* Build configuration list for PBXNativeTarget "yelpapp" */;
			buildPhases = (
				6E8D2B2C69594327B3A3DD22 /* Check Pods Manifest.lock */,
				90DF8C4B19D126D400CA6AB2 /* Sources */,
				90DF8C4C19D126D400CA6AB2 /* Frameworks */,
				90DF8C4D19D126D400CA6AB2 /* Resources */,
				E09DD7FF5FEA49C1A23542AB /* Copy Pods Resources */,
			);
			buildRules = (
			);
			dependencies = (
			);
			name = yelpapp;
			productName = yelpapp;
			productReference = 90DF8C4F19D126D400CA6AB2 /* yelpapp.app */;
			productType = "com.apple.product-type.application";
		};
		90DF8C6019D126D400CA6AB2 /* yelpappTests */ = {
			isa = PBXNativeTarget;
			buildConfigurationList = 90DF8C6E19D126D400CA6AB2 /* Build configuration list for PBXNativeTarget "yelpappTests" */;
			buildPhases = (
				90DF8C5D19D126D400CA6AB2 /* Sources */,
				90DF8C5E19D126D400CA6AB2 /* Frameworks */,
				90DF8C5F19D126D400CA6AB2 /* Resources */,
			);
			buildRules = (
			);
			dependencies = (
				90DF8C6319D126D400CA6AB2 /* PBXTargetDependency */,
			);
			name = yelpappTests;
			productName = yelpappTests;
			productReference = 90DF8C6119D126D400CA6AB2 /* yelpappTests.xctest */;
			productType = "com.apple.product-type.bundle.unit-test";
		};
/* End PBXNativeTarget section */

/* Begin PBXProject section */
		90DF8C4719D126D400CA6AB2 /* Project object */ = {
			isa = PBXProject;
			attributes = {
				LastUpgradeCheck = 0600;
				ORGANIZATIONNAME = "Yahoo Inc.";
				TargetAttributes = {
					90DF8C4E19D126D400CA6AB2 = {
						CreatedOnToolsVersion = 6.0;
					};
					90DF8C6019D126D400CA6AB2 = {
						CreatedOnToolsVersion = 6.0;
						TestTargetID = 90DF8C4E19D126D400CA6AB2;
					};
				};
			};
			buildConfigurationList = 90DF8C4A19D126D400CA6AB2 /* Build configuration list for PBXProject "yelpapp" */;
			compatibilityVersion = "Xcode 3.2";
			developmentRegion = English;
			hasScannedForEncodings = 0;
			knownRegions = (
				en,
				Base,
			);
			mainGroup = 90DF8C4619D126D400CA6AB2;
			productRefGroup = 90DF8C5019D126D400CA6AB2 /* Products */;
			projectDirPath = "";
			projectRoot = "";
			targets = (
				90DF8C4E19D126D400CA6AB2 /* yelpapp */,
				90DF8C6019D126D400CA6AB2 /* yelpappTests */,
			);
		};
/* End PBXProject section */

/* Begin PBXResourcesBuildPhase section */
		90DF8C4D19D126D400CA6AB2 /* Resources */ = {
			isa = PBXResourcesBuildPhase;
			buildActionMask = 2147483647;
			files = (
				90DF8C5A19D126D400CA6AB2 /* Main.storyboard in Resources */,
				90DF8C5C19D126D400CA6AB2 /* Images.xcassets in Resources */,
			);
			runOnlyForDeploymentPostprocessing = 0;
		};
		90DF8C5F19D126D400CA6AB2 /* Resources */ = {
			isa = PBXResourcesBuildPhase;
			buildActionMask = 2147483647;
			files = (
			);
			runOnlyForDeploymentPostprocessing = 0;
		};
/* End PBXResourcesBuildPhase section */

/* Begin PBXShellScriptBuildPhase section */
		6E8D2B2C69594327B3A3DD22 /* Check Pods Manifest.lock */ = {
			isa = PBXShellScriptBuildPhase;
			buildActionMask = 2147483647;
			files = (
			);
			inputPaths = (
			);
			name = "Check Pods Manifest.lock";
			outputPaths = (
			);
			runOnlyForDeploymentPostprocessing = 0;
			shellPath = /bin/sh;
			shellScript = "diff \"${PODS_ROOT}/../Podfile.lock\" \"${PODS_ROOT}/Manifest.lock\" > /dev/null\nif [[ $? != 0 ]] ; then\n    cat << EOM\nerror: The sandbox is not in sync with the Podfile.lock. Run 'pod install' or update your CocoaPods installation.\nEOM\n    exit 1\nfi\n";
			showEnvVarsInLog = 0;
		};
		E09DD7FF5FEA49C1A23542AB /* Copy Pods Resources */ = {
			isa = PBXShellScriptBuildPhase;
			buildActionMask = 2147483647;
			files = (
			);
			inputPaths = (
			);
			name = "Copy Pods Resources";
			outputPaths = (
			);
			runOnlyForDeploymentPostprocessing = 0;
			shellPath = /bin/sh;
			shellScript = "\"${SRCROOT}/Pods/Pods-resources.sh\"\n";
			showEnvVarsInLog = 0;
		};
/* End PBXShellScriptBuildPhase section */

/* Begin PBXSourcesBuildPhase section */
		90DF8C4B19D126D400CA6AB2 /* Sources */ = {
			isa = PBXSourcesBuildPhase;
			buildActionMask = 2147483647;
			files = (
				90DF8C7419D12FF600CA6AB2 /* FilterViewController.swift in Sources */,
				90DF8C7F19D14C3100CA6AB2 /* YelpClient.m in Sources */,
				90DF8C5519D126D400CA6AB2 /* AppDelegate.swift in Sources */,
				90DF8C7A19D14A2100CA6AB2 /* ResultCell.swift in Sources */,
				90DF8C7219D1289B00CA6AB2 /* ResultsViewController.swift in Sources */,
			);
			runOnlyForDeploymentPostprocessing = 0;
		};
		90DF8C5D19D126D400CA6AB2 /* Sources */ = {
			isa = PBXSourcesBuildPhase;
			buildActionMask = 2147483647;
			files = (
				90DF8C6819D126D400CA6AB2 /* yelpappTests.swift in Sources */,
			);
			runOnlyForDeploymentPostprocessing = 0;
		};
/* End PBXSourcesBuildPhase section */

/* Begin PBXTargetDependency section */
		90DF8C6319D126D400CA6AB2 /* PBXTargetDependency */ = {
			isa = PBXTargetDependency;
			target = 90DF8C4E19D126D400CA6AB2 /* yelpapp */;
			targetProxy = 90DF8C6219D126D400CA6AB2 /* PBXContainerItemProxy */;
		};
/* End PBXTargetDependency section */

/* Begin PBXVariantGroup section */
		90DF8C5819D126D400CA6AB2 /* Main.storyboard */ = {
			isa = PBXVariantGroup;
			children = (
				90DF8C5919D126D400CA6AB2 /* Base */,
			);
			name = Main.storyboard;
			sourceTree = "<group>";
		};
/* End PBXVariantGroup section */

/* Begin XCBuildConfiguration section */
		90DF8C6919D126D400CA6AB2 /* Debug */ = {
			isa = XCBuildConfiguration;
			buildSettings = {
				ALWAYS_SEARCH_USER_PATHS = NO;
				CLANG_CXX_LANGUAGE_STANDARD = "gnu++0x";
				CLANG_CXX_LIBRARY = "libc++";
				CLANG_ENABLE_MODULES = YES;
				CLANG_ENABLE_OBJC_ARC = YES;
				CLANG_WARN_BOOL_CONVERSION = YES;
				CLANG_WARN_CONSTANT_CONVERSION = YES;
				CLANG_WARN_DIRECT_OBJC_ISA_USAGE = YES_ERROR;
				CLANG_WARN_EMPTY_BODY = YES;
				CLANG_WARN_ENUM_CONVERSION = YES;
				CLANG_WARN_INT_CONVERSION = YES;
				CLANG_WARN_OBJC_ROOT_CLASS = YES_ERROR;
				CLANG_WARN_UNREACHABLE_CODE = YES;
				CLANG_WARN__DUPLICATE_METHOD_MATCH = YES;
				"CODE_SIGN_IDENTITY[sdk=iphoneos*]" = "iPhone Developer";
				COPY_PHASE_STRIP = NO;
				ENABLE_STRICT_OBJC_MSGSEND = YES;
				GCC_C_LANGUAGE_STANDARD = gnu99;
				GCC_DYNAMIC_NO_PIC = NO;
				GCC_OPTIMIZATION_LEVEL = 0;
				GCC_PREPROCESSOR_DEFINITIONS = (
					"DEBUG=1",
					"$(inherited)",
				);
				GCC_SYMBOLS_PRIVATE_EXTERN = NO;
				GCC_WARN_64_TO_32_BIT_CONVERSION = YES;
				GCC_WARN_ABOUT_RETURN_TYPE = YES_ERROR;
				GCC_WARN_UNDECLARED_SELECTOR = YES;
				GCC_WARN_UNINITIALIZED_AUTOS = YES_AGGRESSIVE;
				GCC_WARN_UNUSED_FUNCTION = YES;
				GCC_WARN_UNUSED_VARIABLE = YES;
				IPHONEOS_DEPLOYMENT_TARGET = 8.0;
				MTL_ENABLE_DEBUG_INFO = YES;
				ONLY_ACTIVE_ARCH = YES;
				SDKROOT = iphoneos;
				SWIFT_OPTIMIZATION_LEVEL = "-Onone";
			};
			name = Debug;
		};
		90DF8C6A19D126D400CA6AB2 /* Release */ = {
			isa = XCBuildConfiguration;
			buildSettings = {
				ALWAYS_SEARCH_USER_PATHS = NO;
				CLANG_CXX_LANGUAGE_STANDARD = "gnu++0x";
				CLANG_CXX_LIBRARY = "libc++";
				CLANG_ENABLE_MODULES = YES;
				CLANG_ENABLE_OBJC_ARC = YES;
				CLANG_WARN_BOOL_CONVERSION = YES;
				CLANG_WARN_CONSTANT_CONVERSION = YES;
				CLANG_WARN_DIRECT_OBJC_ISA_USAGE = YES_ERROR;
				CLANG_WARN_EMPTY_BODY = YES;
				CLANG_WARN_ENUM_CONVERSION = YES;
				CLANG_WARN_INT_CONVERSION = YES;
				CLANG_WARN_OBJC_ROOT_CLASS = YES_ERROR;
				CLANG_WARN_UNREACHABLE_CODE = YES;
				CLANG_WARN__DUPLICATE_METHOD_MATCH = YES;
				"CODE_SIGN_IDENTITY[sdk=iphoneos*]" = "iPhone Developer";
				COPY_PHASE_STRIP = YES;
				ENABLE_NS_ASSERTIONS = NO;
				ENABLE_STRICT_OBJC_MSGSEND = YES;
				GCC_C_LANGUAGE_STANDARD = gnu99;
				GCC_WARN_64_TO_32_BIT_CONVERSION = YES;
				GCC_WARN_ABOUT_RETURN_TYPE = YES_ERROR;
				GCC_WARN_UNDECLARED_SELECTOR = YES;
				GCC_WARN_UNINITIALIZED_AUTOS = YES_AGGRESSIVE;
				GCC_WARN_UNUSED_FUNCTION = YES;
				GCC_WARN_UNUSED_VARIABLE = YES;
				IPHONEOS_DEPLOYMENT_TARGET = 8.0;
				MTL_ENABLE_DEBUG_INFO = NO;
				SDKROOT = iphoneos;
				VALIDATE_PRODUCT = YES;
			};
			name = Release;
		};
		90DF8C6C19D126D400CA6AB2 /* Debug */ = {
			isa = XCBuildConfiguration;
			baseConfigurationReference = 6D0C5D33999E4E03A07B80E8 /* Pods.xcconfig */;
			buildSettings = {
				ASSETCATALOG_COMPILER_APPICON_NAME = AppIcon;
				ASSETCATALOG_COMPILER_LAUNCHIMAGE_NAME = LaunchImage;
				CLANG_ENABLE_MODULES = YES;
				INFOPLIST_FILE = yelpapp/Info.plist;
				LD_RUNPATH_SEARCH_PATHS = "$(inherited) @executable_path/Frameworks";
				PRODUCT_NAME = "$(TARGET_NAME)";
				SWIFT_OBJC_BRIDGING_HEADER = "yelpapp/yelpapp-Bridging-Header.h";
				SWIFT_OPTIMIZATION_LEVEL = "-Onone";
			};
			name = Debug;
		};
		90DF8C6D19D126D400CA6AB2 /* Release */ = {
			isa = XCBuildConfiguration;
			baseConfigurationReference = 6D0C5D33999E4E03A07B80E8 /* Pods.xcconfig */;
			buildSettings = {
				ASSETCATALOG_COMPILER_APPICON_NAME = AppIcon;
				ASSETCATALOG_COMPILER_LAUNCHIMAGE_NAME = LaunchImage;
				CLANG_ENABLE_MODULES = YES;
				INFOPLIST_FILE = yelpapp/Info.plist;
				LD_RUNPATH_SEARCH_PATHS = "$(inherited) @executable_path/Frameworks";
				PRODUCT_NAME = "$(TARGET_NAME)";
				SWIFT_OBJC_BRIDGING_HEADER = "yelpapp/yelpapp-Bridging-Header.h";
			};
			name = Release;
		};
		90DF8C6F19D126D400CA6AB2 /* Debug */ = {
			isa = XCBuildConfiguration;
			buildSettings = {
				BUNDLE_LOADER = "$(TEST_HOST)";
				FRAMEWORK_SEARCH_PATHS = (
					"$(SDKROOT)/Developer/Library/Frameworks",
					"$(inherited)",
				);
				GCC_PREPROCESSOR_DEFINITIONS = (
					"DEBUG=1",
					"$(inherited)",
				);
				INFOPLIST_FILE = yelpappTests/Info.plist;
				LD_RUNPATH_SEARCH_PATHS = "$(inherited) @executable_path/Frameworks @loader_path/Frameworks";
				PRODUCT_NAME = "$(TARGET_NAME)";
				TEST_HOST = "$(BUILT_PRODUCTS_DIR)/yelpapp.app/yelpapp";
			};
			name = Debug;
		};
		90DF8C7019D126D400CA6AB2 /* Release */ = {
			isa = XCBuildConfiguration;
			buildSettings = {
				BUNDLE_LOADER = "$(TEST_HOST)";
				FRAMEWORK_SEARCH_PATHS = (
					"$(SDKROOT)/Developer/Library/Frameworks",
					"$(inherited)",
				);
				INFOPLIST_FILE = yelpappTests/Info.plist;
				LD_RUNPATH_SEARCH_PATHS = "$(inherited) @executable_path/Frameworks @loader_path/Frameworks";
				PRODUCT_NAME = "$(TARGET_NAME)";
				TEST_HOST = "$(BUILT_PRODUCTS_DIR)/yelpapp.app/yelpapp";
			};
			name = Release;
		};
/* End XCBuildConfiguration section */

/* Begin XCConfigurationList section */
		90DF8C4A19D126D400CA6AB2 /* Build configuration list for PBXProject "yelpapp" */ = {
			isa = XCConfigurationList;
			buildConfigurations = (
				90DF8C6919D126D400CA6AB2 /* Debug */,
				90DF8C6A19D126D400CA6AB2 /* Release */,
			);
			defaultConfigurationIsVisible = 0;
			defaultConfigurationName = Release;
		};
		90DF8C6B19D126D400CA6AB2 /* Build configuration list for PBXNativeTarget "yelpapp" */ = {
			isa = XCConfigurationList;
			buildConfigurations = (
				90DF8C6C19D126D400CA6AB2 /* Debug */,
				90DF8C6D19D126D400CA6AB2 /* Release */,
			);
			defaultConfigurationIsVisible = 0;
			defaultConfigurationName = Release;
		};
		90DF8C6E19D126D400CA6AB2 /* Build configuration list for PBXNativeTarget "yelpappTests" */ = {
			isa = XCConfigurationList;
			buildConfigurations = (
				90DF8C6F19D126D400CA6AB2 /* Debug */,
				90DF8C7019D126D400CA6AB2 /* Release */,
			);
			defaultConfigurationIsVisible = 0;
			defaultConfigurationName = Release;
		};
/* End XCConfigurationList section */
	};
	rootObject = 90DF8C4719D126D400CA6AB2 /* Project object */;
}
